
Microsoft Visual Studio Solution File, Format Version 12.00
# Visual Studio 15
Project("{FAE04EC0-301F-11D3-BF4B-00C04F79EFBC}") = "Oculus.VR", "Oculus.VR.csproj", "{821A9C53-A1BC-996E-197C-3E58719DD518}"
EndProject
Project("{FAE04EC0-301F-11D3-BF4B-00C04F79EFBC}") = "Oculus.VR.Scripts.Editor", "Oculus.VR.Scripts.Editor.csproj", "{BBB20C4C-F14F-414C-8DD8-B8E87EBD388E}"
EndProject
Project("{FAE04EC0-301F-11D3-BF4B-00C04F79EFBC}") = "Oculus.VR.Editor", "Oculus.VR.Editor.csproj", "{F62245F1-DCED-8FE9-2A32-880EC67FA13F}"
EndProject
Global
	GlobalSection(SolutionConfigurationPlatforms) = preSolution
		Debug|Any CPU = Debug|Any CPU
		Release|Any CPU = Release|Any CPU
	EndGlobalSection
	GlobalSection(ProjectConfigurationPlatforms) = postSolution
		{821A9C53-A1BC-996E-197C-3E58719DD518}.Debug|Any CPU.ActiveCfg = Debug|Any CPU
		{821A9C53-A1BC-996E-197C-3E58719DD518}.Debug|Any CPU.Build.0 = Debug|Any CPU
		{821A9C53-A1BC-996E-197C-3E58719DD518}.Release|Any CPU.ActiveCfg = Release|Any CPU
		{821A9C53-A1BC-996E-197C-3E58719DD518}.Release|Any CPU.Build.0 = Release|Any CPU
		{BBB20C4C-F14F-414C-8DD8-B8E87EBD388E}.Debug|Any CPU.ActiveCfg = Debug|Any CPU
		{BBB20C4C-F14F-414C-8DD8-B8E87EBD388E}.Debug|Any CPU.Build.0 = Debug|Any CPU
		{BBB20C4C-F14F-414C-8DD8-B8E87EBD388E}.Release|Any CPU.ActiveCfg = Release|Any CPU
		{BBB20C4C-F14F-414C-8DD8-B8E87EBD388E}.Release|Any CPU.Build.0 = Release|Any CPU
		{F62245F1-DCED-8FE9-2A32-880EC67FA13F}.Debug|Any CPU.ActiveCfg = Debug|Any CPU
		{F62245F1-DCED-8FE9-2A32-880EC67FA13F}.Debug|Any CPU.Build.0 = Debug|Any CPU
		{F62245F1-DCED-8FE9-2A32-880EC67FA13F}.Release|Any CPU.ActiveCfg = Release|Any CPU
		{F62245F1-DCED-8FE9-2A32-880EC67FA13F}.Release|Any CPU.Build.0 = Release|Any CPU
	EndGlobalSection
	GlobalSection(SolutionProperties) = preSolution
		HideSolutionNode = FALSE
	EndGlobalSection
EndGlobal
